// !$*UTF8*$!
{
	archiveVersion = 1;
	classes = {
	};
	objectVersion = 50;
	objects = {

/* Begin PBXBuildFile section */
		A1AB500C2261B9A600AA3B6A /* AppDelegate.swift in Sources */ = {isa = PBXBuildFile; fileRef = A1AB500B2261B9A600AA3B6A /* AppDelegate.swift */; };
		A1AB500E2261B9A600AA3B6A /* ViewController.swift in Sources */ = {isa = PBXBuildFile; fileRef = A1AB500D2261B9A600AA3B6A /* ViewController.swift */; };
		A1AB50112261B9A600AA3B6A /* Main.storyboard in Resources */ = {isa = PBXBuildFile; fileRef = A1AB500F2261B9A600AA3B6A /* Main.storyboard */; };
		A1AB50132261B9A900AA3B6A /* Assets.xcassets in Resources */ = {isa = PBXBuildFile; fileRef = A1AB50122261B9A900AA3B6A /* Assets.xcassets */; };
		A1AB50162261B9A900AA3B6A /* LaunchScreen.storyboard in Resources */ = {isa = PBXBuildFile; fileRef = A1AB50142261B9A900AA3B6A /* LaunchScreen.storyboard */; };
		A1AB50212261B9AA00AA3B6A /* TestTests.swift in Sources */ = {isa = PBXBuildFile; fileRef = A1AB50202261B9AA00AA3B6A /* TestTests.swift */; };
		A1AB502C2261B9AA00AA3B6A /* TestUITests.swift in Sources */ = {isa = PBXBuildFile; fileRef = A1AB502B2261B9AA00AA3B6A /* TestUITests.swift */; };
		A1AB503D2264CA7300AA3B6A /* grape.png in Resources */ = {isa = PBXBuildFile; fileRef = A1AB503A2264CA7300AA3B6A /* grape.png */; };
		A1AB503E2264CA7300AA3B6A /* peach.png in Resources */ = {isa = PBXBuildFile; fileRef = A1AB503B2264CA7300AA3B6A /* peach.png */; };
		A1AB50402264CA8F00AA3B6A /* apple.png in Resources */ = {isa = PBXBuildFile; fileRef = A1AB503F2264CA8F00AA3B6A /* apple.png */; };
/* End PBXBuildFile section */

/* Begin PBXContainerItemProxy section */
		A1AB501D2261B9AA00AA3B6A /* PBXContainerItemProxy */ = {
			isa = PBXContainerItemProxy;
			containerPortal = A1AB50002261B9A600AA3B6A /* Project object */;
			proxyType = 1;
			remoteGlobalIDString = A1AB50072261B9A600AA3B6A;
			remoteInfo = Test;
		};
		A1AB50282261B9AA00AA3B6A /* PBXContainerItemProxy */ = {
			isa = PBXContainerItemProxy;
			containerPortal = A1AB50002261B9A600AA3B6A /* Project object */;
			proxyType = 1;
			remoteGlobalIDString = A1AB50072261B9A600AA3B6A;
			remoteInfo = Test;
		};
/* End PBXContainerItemProxy section */

/* Begin PBXFileReference section */
		A1AB50082261B9A600AA3B6A /* Test.app */ = {isa = PBXFileReference; explicitFileType = wrapper.application; includeInIndex = 0; path = Test.app; sourceTree = BUILT_PRODUCTS_DIR; };
		A1AB500B2261B9A600AA3B6A /* AppDelegate.swift */ = {isa = PBXFileReference; lastKnownFileType = sourcecode.swift; path = AppDelegate.swift; sourceTree = "<group>"; };
		A1AB500D2261B9A600AA3B6A /* ViewController.swift */ = {isa = PBXFileReference; lastKnownFileType = sourcecode.swift; path = ViewController.swift; sourceTree = "<group>"; };
		A1AB50102261B9A600AA3B6A /* Base */ = {isa = PBXFileReference; lastKnownFileType = file.storyboard; name = Base; path = Base.lproj/Main.storyboard; sourceTree = "<group>"; };
		A1AB50122261B9A900AA3B6A /* Assets.xcassets */ = {isa = PBXFileReference; lastKnownFileType = folder.assetcatalog; path = Assets.xcassets; sourceTree = "<group>"; };
		A1AB50152261B9A900AA3B6A /* Base */ = {isa = PBXFileReference; lastKnownFileType = file.storyboard; name = Base; path = Base.lproj/LaunchScreen.storyboard; sourceTree = "<group>"; };
		A1AB50172261B9A900AA3B6A /* Info.plist */ = {isa = PBXFileReference; lastKnownFileType = text.plist.xml; path = Info.plist; sourceTree = "<group>"; };
		A1AB501C2261B9AA00AA3B6A /* TestTests.xctest */ = {isa = PBXFileReference; explicitFileType = wrapper.cfbundle; includeInIndex = 0; path = TestTests.xctest; sourceTree = BUILT_PRODUCTS_DIR; };
		A1AB50202261B9AA00AA3B6A /* TestTests.swift */ = {isa = PBXFileReference; lastKnownFileType = sourcecode.swift; path = TestTests.swift; sourceTree = "<group>"; };
		A1AB50222261B9AA00AA3B6A /* Info.plist */ = {isa = PBXFileReference; lastKnownFileType = text.plist.xml; path = Info.plist; sourceTree = "<group>"; };
		A1AB50272261B9AA00AA3B6A /* TestUITests.xctest */ = {isa = PBXFileReference; explicitFileType = wrapper.cfbundle; includeInIndex = 0; path = TestUITests.xctest; sourceTree = BUILT_PRODUCTS_DIR; };
		A1AB502B2261B9AA00AA3B6A /* TestUITests.swift */ = {isa = PBXFileReference; lastKnownFileType = sourcecode.swift; path = TestUITests.swift; sourceTree = "<group>"; };
		A1AB502D2261B9AA00AA3B6A /* Info.plist */ = {isa = PBXFileReference; lastKnownFileType = text.plist.xml; path = Info.plist; sourceTree = "<group>"; };
		A1AB503A2264CA7300AA3B6A /* grape.png */ = {isa = PBXFileReference; lastKnownFileType = image.png; path = grape.png; sourceTree = "<group>"; };
		A1AB503B2264CA7300AA3B6A /* peach.png */ = {isa = PBXFileReference; lastKnownFileType = image.png; path = peach.png; sourceTree = "<group>"; };
		A1AB503F2264CA8F00AA3B6A /* apple.png */ = {isa = PBXFileReference; lastKnownFileType = image.png; path = apple.png; sourceTree = "<group>"; };
/* End PBXFileReference section */

/* Begin PBXFrameworksBuildPhase section */
		A1AB50052261B9A600AA3B6A /* Frameworks */ = {
			isa = PBXFrameworksBuildPhase;
			buildActionMask = 2147483647;
			files = (
			);
			runOnlyForDeploymentPostprocessing = 0;
		};
		A1AB50192261B9AA00AA3B6A /* Frameworks */ = {
			isa = PBXFrameworksBuildPhase;
			buildActionMask = 2147483647;
			files = (
			);
			runOnlyForDeploymentPostprocessing = 0;
		};
		A1AB50242261B9AA00AA3B6A /* Frameworks */ = {
			isa = PBXFrameworksBuildPhase;
			buildActionMask = 2147483647;
			files = (
			);
			runOnlyForDeploymentPostprocessing = 0;
		};
/* End PBXFrameworksBuildPhase section */

/* Begin PBXGroup section */
		A1AB4FFF2261B9A600AA3B6A = {
			isa = PBXGroup;
			children = (
				A1AB500A2261B9A600AA3B6A /* Test */,
				A1AB501F2261B9AA00AA3B6A /* TestTests */,
				A1AB502A2261B9AA00AA3B6A /* TestUITests */,
				A1AB50092261B9A600AA3B6A /* Products */,
			);
			sourceTree = "<group>";
		};
		A1AB50092261B9A600AA3B6A /* Products */ = {
			isa = PBXGroup;
			children = (
				A1AB50082261B9A600AA3B6A /* Test.app */,
				A1AB501C2261B9AA00AA3B6A /* TestTests.xctest */,
				A1AB50272261B9AA00AA3B6A /* TestUITests.xctest */,
			);
			name = Products;
			sourceTree = "<group>";
		};
		A1AB500A2261B9A600AA3B6A /* Test */ = {
			isa = PBXGroup;
			children = (
				A1AB500B2261B9A600AA3B6A /* AppDelegate.swift */,
				A1AB500D2261B9A600AA3B6A /* ViewController.swift */,
				A1AB500F2261B9A600AA3B6A /* Main.storyboard */,
				A1AB50122261B9A900AA3B6A /* Assets.xcassets */,
				A1AB50142261B9A900AA3B6A /* LaunchScreen.storyboard */,
				A1AB50172261B9A900AA3B6A /* Info.plist */,
				A1AB503A2264CA7300AA3B6A /* grape.png */,
				A1AB503B2264CA7300AA3B6A /* peach.png */,
				A1AB503F2264CA8F00AA3B6A /* apple.png */,
			);
			path = Test;
			sourceTree = "<group>";
		};
		A1AB501F2261B9AA00AA3B6A /* TestTests */ = {
			isa = PBXGroup;
			children = (
				A1AB50202261B9AA00AA3B6A /* TestTests.swift */,
				A1AB50222261B9AA00AA3B6A /* Info.plist */,
			);
			path = TestTests;
			sourceTree = "<group>";
		};
		A1AB502A2261B9AA00AA3B6A /* TestUITests */ = {
			isa = PBXGroup;
			children = (
				A1AB502B2261B9AA00AA3B6A /* TestUITests.swift */,
				A1AB502D2261B9AA00AA3B6A /* Info.plist */,
			);
			path = TestUITests;
			sourceTree = "<group>";
		};
/* End PBXGroup section */

/* Begin PBXNativeTarget section */
		A1AB50072261B9A600AA3B6A /* Test */ = {
			isa = PBXNativeTarget;
			buildConfigurationList = A1AB50302261B9AA00AA3B6A /* Build configuration list for PBXNativeTarget "Test" */;
			buildPhases = (
				A1AB50042261B9A600AA3B6A /* Sources */,
				A1AB50052261B9A600AA3B6A /* Frameworks */,
				A1AB50062261B9A600AA3B6A /* Resources */,
			);
			buildRules = (
			);
			dependencies = (
			);
			name = Test;
			productName = Test;
			productReference = A1AB50082261B9A600AA3B6A /* Test.app */;
			productType = "com.apple.product-type.application";
		};
		A1AB501B2261B9AA00AA3B6A /* TestTests */ = {
			isa = PBXNativeTarget;
			buildConfigurationList = A1AB50332261B9AA00AA3B6A /* Build configuration list for PBXNativeTarget "TestTests" */;
			buildPhases = (
				A1AB50182261B9AA00AA3B6A /* Sources */,
				A1AB50192261B9AA00AA3B6A /* Frameworks */,
				A1AB501A2261B9AA00AA3B6A /* Resources */,
			);
			buildRules = (
			);
			dependencies = (
				A1AB501E2261B9AA00AA3B6A /* PBXTargetDependency */,
			);
			name = TestTests;
			productName = TestTests;
			productReference = A1AB501C2261B9AA00AA3B6A /* TestTests.xctest */;
			productType = "com.apple.product-type.bundle.unit-test";
		};
		A1AB50262261B9AA00AA3B6A /* TestUITests */ = {
			isa = PBXNativeTarget;
			buildConfigurationList = A1AB50362261B9AA00AA3B6A /* Build configuration list for PBXNativeTarget "TestUITests" */;
			buildPhases = (
				A1AB50232261B9AA00AA3B6A /* Sources */,
				A1AB50242261B9AA00AA3B6A /* Frameworks */,
				A1AB50252261B9AA00AA3B6A /* Resources */,
			);
			buildRules = (
			);
			dependencies = (
				A1AB50292261B9AA00AA3B6A /* PBXTargetDependency */,
			);
			name = TestUITests;
			productName = TestUITests;
			productReference = A1AB50272261B9AA00AA3B6A /* TestUITests.xctest */;
			productType = "com.apple.product-type.bundle.ui-testing";
		};
/* End PBXNativeTarget section */

/* Begin PBXProject section */
		A1AB50002261B9A600AA3B6A /* Project object */ = {
			isa = PBXProject;
			attributes = {
				LastSwiftUpdateCheck = 1010;
				LastUpgradeCheck = 1010;
				ORGANIZATIONNAME = "野崎絵未里";
				TargetAttributes = {
					A1AB50072261B9A600AA3B6A = {
						CreatedOnToolsVersion = 10.1;
					};
					A1AB501B2261B9AA00AA3B6A = {
						CreatedOnToolsVersion = 10.1;
						TestTargetID = A1AB50072261B9A600AA3B6A;
					};
					A1AB50262261B9AA00AA3B6A = {
						CreatedOnToolsVersion = 10.1;
						TestTargetID = A1AB50072261B9A600AA3B6A;
					};
				};
			};
			buildConfigurationList = A1AB50032261B9A600AA3B6A /* Build configuration list for PBXProject "Test" */;
			compatibilityVersion = "Xcode 9.3";
			developmentRegion = en;
			hasScannedForEncodings = 0;
			knownRegions = (
				en,
				Base,
			);
			mainGroup = A1AB4FFF2261B9A600AA3B6A;
			productRefGroup = A1AB50092261B9A600AA3B6A /* Products */;
			projectDirPath = "";
			projectRoot = "";
			targets = (
				A1AB50072261B9A600AA3B6A /* Test */,
				A1AB501B2261B9AA00AA3B6A /* TestTests */,
				A1AB50262261B9AA00AA3B6A /* TestUITests */,
			);
		};
/* End PBXProject section */

/* Begin PBXResourcesBuildPhase section */
		A1AB50062261B9A600AA3B6A /* Resources */ = {
			isa = PBXResourcesBuildPhase;
			buildActionMask = 2147483647;
			files = (
				A1AB503D2264CA7300AA3B6A /* grape.png in Resources */,
				A1AB50162261B9A900AA3B6A /* LaunchScreen.storyboard in Resources */,
				A1AB50132261B9A900AA3B6A /* Assets.xcassets in Resources */,
				A1AB50112261B9A600AA3B6A /* Main.storyboard in Resources */,
				A1AB50402264CA8F00AA3B6A /* apple.png in Resources */,
				A1AB503E2264CA7300AA3B6A /* peach.png in Resources */,
			);
			runOnlyForDeploymentPostprocessing = 0;
		};
		A1AB501A2261B9AA00AA3B6A /* Resources */ = {
			isa = PBXResourcesBuildPhase;
			buildActionMask = 2147483647;
			files = (
			);
			runOnlyForDeploymentPostprocessing = 0;
		};
		A1AB50252261B9AA00AA3B6A /* Resources */ = {
			isa = PBXResourcesBuildPhase;
			buildActionMask = 2147483647;
			files = (
			);
			runOnlyForDeploymentPostprocessing = 0;
		};
/* End PBXResourcesBuildPhase section */

/* Begin PBXSourcesBuildPhase section */
		A1AB50042261B9A600AA3B6A /* Sources */ = {
			isa = PBXSourcesBuildPhase;
			buildActionMask = 2147483647;
			files = (
				A1AB500E2261B9A600AA3B6A /* ViewController.swift in Sources */,
				A1AB500C2261B9A600AA3B6A /* AppDelegate.swift in Sources */,
			);
			runOnlyForDeploymentPostprocessing = 0;
		};
		A1AB50182261B9AA00AA3B6A /* Sources */ = {
			isa = PBXSourcesBuildPhase;
			buildActionMask = 2147483647;
			files = (
				A1AB50212261B9AA00AA3B6A /* TestTests.swift in Sources */,
			);
			runOnlyForDeploymentPostprocessing = 0;
		};
		A1AB50232261B9AA00AA3B6A /* Sources */ = {
			isa = PBXSourcesBuildPhase;
			buildActionMask = 2147483647;
			files = (
				A1AB502C2261B9AA00AA3B6A /* TestUITests.swift in Sources */,
			);
			runOnlyForDeploymentPostprocessing = 0;
		};
/* End PBXSourcesBuildPhase section */

/* Begin PBXTargetDependency section */
		A1AB501E2261B9AA00AA3B6A /* PBXTargetDependency */ = {
			isa = PBXTargetDependency;
			target = A1AB50072261B9A600AA3B6A /* Test */;
			targetProxy = A1AB501D2261B9AA00AA3B6A /* PBXContainerItemProxy */;
		};
		A1AB50292261B9AA00AA3B6A /* PBXTargetDependency */ = {
			isa = PBXTargetDependency;
			target = A1AB50072261B9A600AA3B6A /* Test */;
			targetProxy = A1AB50282261B9AA00AA3B6A /* PBXContainerItemProxy */;
		};
/* End PBXTargetDependency section */

/* Begin PBXVariantGroup section */
		A1AB500F2261B9A600AA3B6A /* Main.storyboard */ = {
			isa = PBXVariantGroup;
			children = (
				A1AB50102261B9A600AA3B6A /* Base */,
			);
			name = Main.storyboard;
			sourceTree = "<group>";
		};
		A1AB50142261B9A900AA3B6A /* LaunchScreen.storyboard */ = {
			isa = PBXVariantGroup;
			children = (
				A1AB50152261B9A900AA3B6A /* Base */,
			);
			name = LaunchScreen.storyboard;
			sourceTree = "<group>";
		};
/* End PBXVariantGroup section */

/* Begin XCBuildConfiguration section */
		A1AB502E2261B9AA00AA3B6A /* Debug */ = {
			isa = XCBuildConfiguration;
			buildSettings = {
				ALWAYS_SEARCH_USER_PATHS = NO;
				CLANG_ANALYZER_NONNULL = YES;
				CLANG_ANALYZER_NUMBER_OBJECT_CONVERSION = YES_AGGRESSIVE;
				CLANG_CXX_LANGUAGE_STANDARD = "gnu++14";
				CLANG_CXX_LIBRARY = "libc++";
				CLANG_ENABLE_MODULES = YES;
				CLANG_ENABLE_OBJC_ARC = YES;
				CLANG_ENABLE_OBJC_WEAK = YES;
				CLANG_WARN_BLOCK_CAPTURE_AUTORELEASING = YES;
				CLANG_WARN_BOOL_CONVERSION = YES;
				CLANG_WARN_COMMA = YES;
				CLANG_WARN_CONSTANT_CONVERSION = YES;
				CLANG_WARN_DEPRECATED_OBJC_IMPLEMENTATIONS = YES;
				CLANG_WARN_DIRECT_OBJC_ISA_USAGE = YES_ERROR;
				CLANG_WARN_DOCUMENTATION_COMMENTS = YES;
				CLANG_WARN_EMPTY_BODY = YES;
				CLANG_WARN_ENUM_CONVERSION = YES;
				CLANG_WARN_INFINITE_RECURSION = YES;
				CLANG_WARN_INT_CONVERSION = YES;
				CLANG_WARN_NON_LITERAL_NULL_CONVERSION = YES;
				CLANG_WARN_OBJC_IMPLICIT_RETAIN_SELF = YES;
				CLANG_WARN_OBJC_LITERAL_CONVERSION = YES;
				CLANG_WARN_OBJC_ROOT_CLASS = YES_ERROR;
				CLANG_WARN_RANGE_LOOP_ANALYSIS = YES;
				CLANG_WARN_STRICT_PROTOTYPES = YES;
				CLANG_WARN_SUSPICIOUS_MOVE = YES;
				CLANG_WARN_UNGUARDED_AVAILABILITY = YES_AGGRESSIVE;
				CLANG_WARN_UNREACHABLE_CODE = YES;
				CLANG_WARN__DUPLICATE_METHOD_MATCH = YES;
				CODE_SIGN_IDENTITY = "iPhone Developer";
				COPY_PHASE_STRIP = NO;
				DEBUG_INFORMATION_FORMAT = dwarf;
				ENABLE_STRICT_OBJC_MSGSEND = YES;
				ENABLE_TESTABILITY = YES;
				GCC_C_LANGUAGE_STANDARD = gnu11;
				GCC_DYNAMIC_NO_PIC = NO;
				GCC_NO_COMMON_BLOCKS = YES;
				GCC_OPTIMIZATION_LEVEL = 0;
				GCC_PREPROCESSOR_DEFINITIONS = (
					"DEBUG=1",
					"$(inherited)",
				);
				GCC_WARN_64_TO_32_BIT_CONVERSION = YES;
				GCC_WARN_ABOUT_RETURN_TYPE = YES_ERROR;
				GCC_WARN_UNDECLARED_SELECTOR = YES;
				GCC_WARN_UNINITIALIZED_AUTOS = YES_AGGRESSIVE;
				GCC_WARN_UNUSED_FUNCTION = YES;
				GCC_WARN_UNUSED_VARIABLE = YES;
				IPHONEOS_DEPLOYMENT_TARGET = 12.1;
				MTL_ENABLE_DEBUG_INFO = INCLUDE_SOURCE;
				MTL_FAST_MATH = YES;
				ONLY_ACTIVE_ARCH = YES;
				SDKROOT = iphoneos;
				SWIFT_ACTIVE_COMPILATION_CONDITIONS = DEBUG;
				SWIFT_OPTIMIZATION_LEVEL = "-Onone";
			};
			name = Debug;
		};
		A1AB502F2261B9AA00AA3B6A /* Release */ = {
			isa = XCBuildConfiguration;
			buildSettings = {
				ALWAYS_SEARCH_USER_PATHS = NO;
				CLANG_ANALYZER_NONNULL = YES;
				CLANG_ANALYZER_NUMBER_OBJECT_CONVERSION = YES_AGGRESSIVE;
				CLANG_CXX_LANGUAGE_STANDARD = "gnu++14";
				CLANG_CXX_LIBRARY = "libc++";
				CLANG_ENABLE_MODULES = YES;
				CLANG_ENABLE_OBJC_ARC = YES;
				CLANG_ENABLE_OBJC_WEAK = YES;
				CLANG_WARN_BLOCK_CAPTURE_AUTORELEASING = YES;
				CLANG_WARN_BOOL_CONVERSION = YES;
				CLANG_WARN_COMMA = YES;
				CLANG_WARN_CONSTANT_CONVERSION = YES;
				CLANG_WARN_DEPRECATED_OBJC_IMPLEMENTATIONS = YES;
				CLANG_WARN_DIRECT_OBJC_ISA_USAGE = YES_ERROR;
				CLANG_WARN_DOCUMENTATION_COMMENTS = YES;
				CLANG_WARN_EMPTY_BODY = YES;
				CLANG_WARN_ENUM_CONVERSION = YES;
				CLANG_WARN_INFINITE_RECURSION = YES;
				CLANG_WARN_INT_CONVERSION = YES;
				CLANG_WARN_NON_LITERAL_NULL_CONVERSION = YES;
				CLANG_WARN_OBJC_IMPLICIT_RETAIN_SELF = YES;
				CLANG_WARN_OBJC_LITERAL_CONVERSION = YES;
				CLANG_WARN_OBJC_ROOT_CLASS = YES_ERROR;
				CLANG_WARN_RANGE_LOOP_ANALYSIS = YES;
				CLANG_WARN_STRICT_PROTOTYPES = YES;
				CLANG_WARN_SUSPICIOUS_MOVE = YES;
				CLANG_WARN_UNGUARDED_AVAILABILITY = YES_AGGRESSIVE;
				CLANG_WARN_UNREACHABLE_CODE = YES;
				CLANG_WARN__DUPLICATE_METHOD_MATCH = YES;
				CODE_SIGN_IDENTITY = "iPhone Developer";
				COPY_PHASE_STRIP = NO;
				DEBUG_INFORMATION_FORMAT = "dwarf-with-dsym";
				ENABLE_NS_ASSERTIONS = NO;
				ENABLE_STRICT_OBJC_MSGSEND = YES;
				GCC_C_LANGUAGE_STANDARD = gnu11;
				GCC_NO_COMMON_BLOCKS = YES;
				GCC_WARN_64_TO_32_BIT_CONVERSION = YES;
				GCC_WARN_ABOUT_RETURN_TYPE = YES_ERROR;
				GCC_WARN_UNDECLARED_SELECTOR = YES;
				GCC_WARN_UNINITIALIZED_AUTOS = YES_AGGRESSIVE;
				GCC_WARN_UNUSED_FUNCTION = YES;
				GCC_WARN_UNUSED_VARIABLE = YES;
				IPHONEOS_DEPLOYMENT_TARGET = 12.1;
				MTL_ENABLE_DEBUG_INFO = NO;
				MTL_FAST_MATH = YES;
				SDKROOT = iphoneos;
				SWIFT_COMPILATION_MODE = wholemodule;
				SWIFT_OPTIMIZATION_LEVEL = "-O";
				VALIDATE_PRODUCT = YES;
			};
			name = Release;
		};
		A1AB50312261B9AA00AA3B6A /* Debug */ = {
			isa = XCBuildConfiguration;
			buildSettings = {
				ASSETCATALOG_COMPILER_APPICON_NAME = AppIcon;
				CODE_SIGN_STYLE = Automatic;
				DEVELOPMENT_TEAM = 743J7J89D4;
				INFOPLIST_FILE = Test/Info.plist;
				LD_RUNPATH_SEARCH_PATHS = (
					"$(inherited)",
					"@executable_path/Frameworks",
				);
				PRODUCT_BUNDLE_IDENTIFIER = Emily.Test;
				PRODUCT_NAME = "$(TARGET_NAME)";
				SWIFT_VERSION = 4.2;
				TARGETED_DEVICE_FAMILY = "1,2";
			};
			name = Debug;
		};
		A1AB50322261B9AA00AA3B6A /* Release */ = {
			isa = XCBuildConfiguration;
			buildSettings = {
				ASSETCATALOG_COMPILER_APPICON_NAME = AppIcon;
				CODE_SIGN_STYLE = Automatic;
				DEVELOPMENT_TEAM = 743J7J89D4;
				INFOPLIST_FILE = Test/Info.plist;
				LD_RUNPATH_SEARCH_PATHS = (
					"$(inherited)",
					"@executable_path/Frameworks",
				);
				PRODUCT_BUNDLE_IDENTIFIER = Emily.Test;
				PRODUCT_NAME = "$(TARGET_NAME)";
				SWIFT_VERSION = 4.2;
				TARGETED_DEVICE_FAMILY = "1,2";
			};
			name = Release;
		};
		A1AB50342261B9AA00AA3B6A /* Debug */ = {
			isa = XCBuildConfiguration;
			buildSettings = {
				ALWAYS_EMBED_SWIFT_STANDARD_LIBRARIES = YES;
				BUNDLE_LOADER = "$(TEST_HOST)";
				CODE_SIGN_STYLE = Automatic;
				INFOPLIST_FILE = TestTests/Info.plist;
				LD_RUNPATH_SEARCH_PATHS = (
					"$(inherited)",
					"@executable_path/Frameworks",
					"@loader_path/Frameworks",
				);
				PRODUCT_BUNDLE_IDENTIFIER = Emily.TestTests;
				PRODUCT_NAME = "$(TARGET_NAME)";
				SWIFT_VERSION = 4.2;
				TARGETED_DEVICE_FAMILY = "1,2";
				TEST_HOST = "$(BUILT_PRODUCTS_DIR)/Test.app/Test";
			};
			name = Debug;
		};
		A1AB50352261B9AA00AA3B6A /* Release */ = {
			isa = XCBuildConfiguration;
			buildSettings = {
				ALWAYS_EMBED_SWIFT_STANDARD_LIBRARIES = YES;
				BUNDLE_LOADER = "$(TEST_HOST)";
				CODE_SIGN_STYLE = Automatic;
				INFOPLIST_FILE = TestTests/Info.plist;
				LD_RUNPATH_SEARCH_PATHS = (
					"$(inherited)",
					"@executable_path/Frameworks",
					"@loader_path/Frameworks",
				);
				PRODUCT_BUNDLE_IDENTIFIER = Emily.TestTests;
				PRODUCT_NAME = "$(TARGET_NAME)";
				SWIFT_VERSION = 4.2;
				TARGETED_DEVICE_FAMILY = "1,2";
				TEST_HOST = "$(BUILT_PRODUCTS_DIR)/Test.app/Test";
			};
			name = Release;
		};
		A1AB50372261B9AA00AA3B6A /* Debug */ = {
			isa = XCBuildConfiguration;
			buildSettings = {
				ALWAYS_EMBED_SWIFT_STANDARD_LIBRARIES = YES;
				CODE_SIGN_STYLE = Automatic;
				INFOPLIST_FILE = TestUITests/Info.plist;
				LD_RUNPATH_SEARCH_PATHS = (
					"$(inherited)",
					"@executable_path/Frameworks",
					"@loader_path/Frameworks",
				);
				PRODUCT_BUNDLE_IDENTIFIER = Emily.TestUITests;
				PRODUCT_NAME = "$(TARGET_NAME)";
				SWIFT_VERSION = 4.2;
				TARGETED_DEVICE_FAMILY = "1,2";
				TEST_TARGET_NAME = Test;
			};
			name = Debug;
		};
		A1AB50382261B9AA00AA3B6A /* Release */ = {
			isa = XCBuildConfiguration;
			buildSettings = {
				ALWAYS_EMBED_SWIFT_STANDARD_LIBRARIES = YES;
				CODE_SIGN_STYLE = Automatic;
				INFOPLIST_FILE = TestUITests/Info.plist;
				LD_RUNPATH_SEARCH_PATHS = (
					"$(inherited)",
					"@executable_path/Frameworks",
					"@loader_path/Frameworks",
				);
				PRODUCT_BUNDLE_IDENTIFIER = Emily.TestUITests;
				PRODUCT_NAME = "$(TARGET_NAME)";
				SWIFT_VERSION = 4.2;
				TARGETED_DEVICE_FAMILY = "1,2";
				TEST_TARGET_NAME = Test;
			};
			name = Release;
		};
/* End XCBuildConfiguration section */

/* Begin XCConfigurationList section */
		A1AB50032261B9A600AA3B6A /* Build configuration list for PBXProject "Test" */ = {
			isa = XCConfigurationList;
			buildConfigurations = (
				A1AB502E2261B9AA00AA3B6A /* Debug */,
				A1AB502F2261B9AA00AA3B6A /* Release */,
			);
			defaultConfigurationIsVisible = 0;
			defaultConfigurationName = Release;
		};
		A1AB50302261B9AA00AA3B6A /* Build configuration list for PBXNativeTarget "Test" */ = {
			isa = XCConfigurationList;
			buildConfigurations = (
				A1AB50312261B9AA00AA3B6A /* Debug */,
				A1AB50322261B9AA00AA3B6A /* Release */,
			);
			defaultConfigurationIsVisible = 0;
			defaultConfigurationName = Release;
		};
		A1AB50332261B9AA00AA3B6A /* Build configuration list for PBXNativeTarget "TestTests" */ = {
			isa = XCConfigurationList;
			buildConfigurations = (
				A1AB50342261B9AA00AA3B6A /* Debug */,
				A1AB50352261B9AA00AA3B6A /* Release */,
			);
			defaultConfigurationIsVisible = 0;
			defaultConfigurationName = Release;
		};
		A1AB50362261B9AA00AA3B6A /* Build configuration list for PBXNativeTarget "TestUITests" */ = {
			isa = XCConfigurationList;
			buildConfigurations = (
				A1AB50372261B9AA00AA3B6A /* Debug */,
				A1AB50382261B9AA00AA3B6A /* Release */,
			);
			defaultConfigurationIsVisible = 0;
			defaultConfigurationName = Release;
		};
/* End XCConfigurationList section */
	};
	rootObject = A1AB50002261B9A600AA3B6A /* Project object */;
}
